{
  "name": "ScapeRoom",
  "lockfileVersion": 3,
  "requires": true,
  "packages": {
    "": {
      "dependencies": {
        "@neodrag/solid": "^2.0.3",
        "@neodrag/vanilla": "^2.0.3",
        "interactjs": "^1.10.19"
      }
    },
    "node_modules/@interactjs/types": {
      "version": "1.10.19",
      "resolved": "https://registry.npmjs.org/@interactjs/types/-/types-1.10.19.tgz",
      "integrity": "sha512-oEqGmt9/Ob+jz0FUaBzpDXBmf+2dfdhPuEwQcMGH6nQTR2ETGtYIlAnQtADHvnCin+cVkrmqVohfHBysyQr4Lw=="
    },
    "node_modules/@neodrag/solid": {
      "version": "2.0.3",
      "resolved": "https://registry.npmjs.org/@neodrag/solid/-/solid-2.0.3.tgz",
      "integrity": "sha512-cURoAbxN3Q9tf2/XsY8LzktGcjIPNP5PUej6JO0K2eT2Nils7g0zzemSs6Wozbo2J8gvBKuXXWRZcwhP7GCN4Q==",
      "peerDependencies": {
        "solid-js": "^1.0.0"
      }
    },
    "node_modules/@neodrag/vanilla": {
      "version": "2.0.3",
      "resolved": "https://registry.npmjs.org/@neodrag/vanilla/-/vanilla-2.0.3.tgz",
      "integrity": "sha512-wMIUqfs+dPGTeSngA0PNwywnaObKQ9p45rztiWotOG5xa3X73/OneJS/4Bh3AotuuxmZBv/1NSxYu5IKUIVuNA=="
    },
    "node_modules/csstype": {
      "version": "3.1.2",
      "resolved": "https://registry.npmjs.org/csstype/-/csstype-3.1.2.tgz",
      "integrity": "sha512-I7K1Uu0MBPzaFKg4nI5Q7Vs2t+3gWWW648spaF+Rg7pI9ds18Ugn+lvg4SHczUdKlHI5LWBXyqfS8+DufyBsgQ==",
      "peer": true
    },
    "node_modules/interactjs": {
      "version": "1.10.19",
      "resolved": "https://registry.npmjs.org/interactjs/-/interactjs-1.10.19.tgz",
      "integrity": "sha512-5zWXBrfLnXAyhrxKlhRiud/JxWd3GvZkvdTf8bqjeHWDx9zgiu+qFNA3nnJMszadFCig2GU5zKx9PYrkT87OKA==",
      "dependencies": {
        "@interactjs/types": "1.10.19"
      }
    },
    "node_modules/seroval": {
      "version": "0.5.1",
      "resolved": "https://registry.npmjs.org/seroval/-/seroval-0.5.1.tgz",
      "integrity": "sha512-ZfhQVB59hmIauJG5Ydynupy8KHyr5imGNtdDhbZG68Ufh1Ynkv9KOYOAABf71oVbQxJ8VkWnMHAjEHE7fWkH5g==",
      "peer": true,
      "engines": {
        "node": ">=10"
      }
    },
    "node_modules/solid-js": {
      "version": "1.7.12",
      "resolved": "https://registry.npmjs.org/solid-js/-/solid-js-1.7.12.tgz",
      "integrity": "sha512-QoyoOUKu14iLoGxjxWFIU8+/1kLT4edQ7mZESFPonsEXZ//VJtPKD8Ud1aTKzotj+MNWmSs9YzK6TdY+fO9Eww==",
      "peer": true,
      "dependencies": {
        "csstype": "^3.1.0",
        "seroval": "^0.5.0"
      }
    }
  }
}
